// !$*UTF8*$!
{
	archiveVersion = 1;
	classes = {
	};
	objectVersion = 48;
	objects = {

/* Begin PBXBuildFile section */
		B13CB8C772569322A2BC2E0B /* Pods_Todoey.framework in Frameworks */ = {isa = PBXBuildFile; fileRef = 302A1638709FAEAF26EFE980 /* Pods_Todoey.framework */; };
		E85C3AB7200D150E00546D18 /* CategoryViewController.swift in Sources */ = {isa = PBXBuildFile; fileRef = E85C3AB6200D150E00546D18 /* CategoryViewController.swift */; };
		E8611FD02003FB0F0043D7F7 /* AppDelegate.swift in Sources */ = {isa = PBXBuildFile; fileRef = E8611FCF2003FB0F0043D7F7 /* AppDelegate.swift */; };
		E8611FD22003FB0F0043D7F7 /* ToDoListViewController.swift in Sources */ = {isa = PBXBuildFile; fileRef = E8611FD12003FB0F0043D7F7 /* ToDoListViewController.swift */; };
		E8611FD52003FB0F0043D7F7 /* Main.storyboard in Resources */ = {isa = PBXBuildFile; fileRef = E8611FD32003FB0F0043D7F7 /* Main.storyboard */; };
		E8611FD72003FB0F0043D7F7 /* Assets.xcassets in Resources */ = {isa = PBXBuildFile; fileRef = E8611FD62003FB0F0043D7F7 /* Assets.xcassets */; };
		E8611FDA2003FB0F0043D7F7 /* LaunchScreen.storyboard in Resources */ = {isa = PBXBuildFile; fileRef = E8611FD82003FB0F0043D7F7 /* LaunchScreen.storyboard */; };
		E8E21B74200E4C19003EE6B5 /* Item.swift in Sources */ = {isa = PBXBuildFile; fileRef = E8E21B73200E4C19003EE6B5 /* Item.swift */; };
		E8E21B76200E4C27003EE6B5 /* Category.swift in Sources */ = {isa = PBXBuildFile; fileRef = E8E21B75200E4C27003EE6B5 /* Category.swift */; };
/* End PBXBuildFile section */

/* Begin PBXFileReference section */
		302A1638709FAEAF26EFE980 /* Pods_Todoey.framework */ = {isa = PBXFileReference; explicitFileType = wrapper.framework; includeInIndex = 0; path = Pods_Todoey.framework; sourceTree = BUILT_PRODUCTS_DIR; };
		B556289B0F2F873F02435268 /* Pods-Todoey.debug.xcconfig */ = {isa = PBXFileReference; includeInIndex = 1; lastKnownFileType = text.xcconfig; name = "Pods-Todoey.debug.xcconfig"; path = "Pods/Target Support Files/Pods-Todoey/Pods-Todoey.debug.xcconfig"; sourceTree = "<group>"; };
		C332B4866C710A5FDF504B1E /* Pods-Todoey.release.xcconfig */ = {isa = PBXFileReference; includeInIndex = 1; lastKnownFileType = text.xcconfig; name = "Pods-Todoey.release.xcconfig"; path = "Pods/Target Support Files/Pods-Todoey/Pods-Todoey.release.xcconfig"; sourceTree = "<group>"; };
		E85C3AB6200D150E00546D18 /* CategoryViewController.swift */ = {isa = PBXFileReference; lastKnownFileType = sourcecode.swift; path = CategoryViewController.swift; sourceTree = "<group>"; };
		E8611FCC2003FB0F0043D7F7 /* Todoey.app */ = {isa = PBXFileReference; explicitFileType = wrapper.application; includeInIndex = 0; path = Todoey.app; sourceTree = BUILT_PRODUCTS_DIR; };
		E8611FCF2003FB0F0043D7F7 /* AppDelegate.swift */ = {isa = PBXFileReference; lastKnownFileType = sourcecode.swift; path = AppDelegate.swift; sourceTree = "<group>"; };
		E8611FD12003FB0F0043D7F7 /* ToDoListViewController.swift */ = {isa = PBXFileReference; lastKnownFileType = sourcecode.swift; path = ToDoListViewController.swift; sourceTree = "<group>"; };
		E8611FD42003FB0F0043D7F7 /* Base */ = {isa = PBXFileReference; lastKnownFileType = file.storyboard; name = Base; path = Base.lproj/Main.storyboard; sourceTree = "<group>"; };
		E8611FD62003FB0F0043D7F7 /* Assets.xcassets */ = {isa = PBXFileReference; lastKnownFileType = folder.assetcatalog; path = Assets.xcassets; sourceTree = "<group>"; };
		E8611FD92003FB0F0043D7F7 /* Base */ = {isa = PBXFileReference; lastKnownFileType = file.storyboard; name = Base; path = Base.lproj/LaunchScreen.storyboard; sourceTree = "<group>"; };
		E8611FDB2003FB0F0043D7F7 /* Info.plist */ = {isa = PBXFileReference; lastKnownFileType = text.plist.xml; path = Info.plist; sourceTree = "<group>"; };
		E8E21B73200E4C19003EE6B5 /* Item.swift */ = {isa = PBXFileReference; lastKnownFileType = sourcecode.swift; path = Item.swift; sourceTree = "<group>"; };
		E8E21B75200E4C27003EE6B5 /* Category.swift */ = {isa = PBXFileReference; lastKnownFileType = sourcecode.swift; path = Category.swift; sourceTree = "<group>"; };
/* End PBXFileReference section */

/* Begin PBXFrameworksBuildPhase section */
		E8611FC92003FB0F0043D7F7 /* Frameworks */ = {
			isa = PBXFrameworksBuildPhase;
			buildActionMask = 2147483647;
			files = (
				B13CB8C772569322A2BC2E0B /* Pods_Todoey.framework in Frameworks */,
			);
			runOnlyForDeploymentPostprocessing = 0;
		};
/* End PBXFrameworksBuildPhase section */

/* Begin PBXGroup section */
		1592AFC9E27DB7173664C695 /* Pods */ = {
			isa = PBXGroup;
			children = (
				B556289B0F2F873F02435268 /* Pods-Todoey.debug.xcconfig */,
				C332B4866C710A5FDF504B1E /* Pods-Todoey.release.xcconfig */,
			);
			name = Pods;
			sourceTree = "<group>";
		};
		AEDB55196C652521A7DD236E /* Frameworks */ = {
			isa = PBXGroup;
			children = (
				302A1638709FAEAF26EFE980 /* Pods_Todoey.framework */,
			);
			name = Frameworks;
			sourceTree = "<group>";
		};
		E813880D200507A80071E43D /* Data Model */ = {
			isa = PBXGroup;
			children = (
				E8E21B75200E4C27003EE6B5 /* Category.swift */,
				E8E21B73200E4C19003EE6B5 /* Item.swift */,
			);
			path = "Data Model";
			sourceTree = "<group>";
		};
		E813880E200507E10071E43D /* View */ = {
			isa = PBXGroup;
			children = (
				E8611FD32003FB0F0043D7F7 /* Main.storyboard */,
				E8611FD62003FB0F0043D7F7 /* Assets.xcassets */,
				E8611FD82003FB0F0043D7F7 /* LaunchScreen.storyboard */,
			);
			path = View;
			sourceTree = "<group>";
		};
		E813880F200507FF0071E43D /* Controller */ = {
			isa = PBXGroup;
			children = (
				E85C3AB6200D150E00546D18 /* CategoryViewController.swift */,
				E8611FD12003FB0F0043D7F7 /* ToDoListViewController.swift */,
			);
			path = Controller;
			sourceTree = "<group>";
		};
		E8138810200508160071E43D /* Supporting Files */ = {
			isa = PBXGroup;
			children = (
				E8611FCF2003FB0F0043D7F7 /* AppDelegate.swift */,
				E8611FDB2003FB0F0043D7F7 /* Info.plist */,
			);
			path = "Supporting Files";
			sourceTree = "<group>";
		};
		E8611FC32003FB0F0043D7F7 = {
			isa = PBXGroup;
			children = (
				E8611FCE2003FB0F0043D7F7 /* Todoey */,
				E8611FCD2003FB0F0043D7F7 /* Products */,
				1592AFC9E27DB7173664C695 /* Pods */,
				AEDB55196C652521A7DD236E /* Frameworks */,
			);
			sourceTree = "<group>";
		};
		E8611FCD2003FB0F0043D7F7 /* Products */ = {
			isa = PBXGroup;
			children = (
				E8611FCC2003FB0F0043D7F7 /* Todoey.app */,
			);
			name = Products;
			sourceTree = "<group>";
		};
		E8611FCE2003FB0F0043D7F7 /* Todoey */ = {
			isa = PBXGroup;
			children = (
				E813880F200507FF0071E43D /* Controller */,
				E813880D200507A80071E43D /* Data Model */,
				E813880E200507E10071E43D /* View */,
				E8138810200508160071E43D /* Supporting Files */,
			);
			path = Todoey;
			sourceTree = "<group>";
		};
/* End PBXGroup section */

/* Begin PBXNativeTarget section */
		E8611FCB2003FB0F0043D7F7 /* Todoey */ = {
			isa = PBXNativeTarget;
			buildConfigurationList = E8611FDE2003FB0F0043D7F7 /* Build configuration list for PBXNativeTarget "Todoey" */;
			buildPhases = (
				9FEEAEBA51D7FE649D22469B /* [CP] Check Pods Manifest.lock */,
				E8611FC82003FB0F0043D7F7 /* Sources */,
				E8611FC92003FB0F0043D7F7 /* Frameworks */,
				E8611FCA2003FB0F0043D7F7 /* Resources */,
				70897B7F3F91AC8C167C1F54 /* [CP] Embed Pods Frameworks */,
				9794A9ED893723F301115C1D /* [CP] Copy Pods Resources */,
			);
			buildRules = (
			);
			dependencies = (
			);
			name = Todoey;
			productName = Todoey;
			productReference = E8611FCC2003FB0F0043D7F7 /* Todoey.app */;
			productType = "com.apple.product-type.application";
		};
/* End PBXNativeTarget section */

/* Begin PBXProject section */
		E8611FC42003FB0F0043D7F7 /* Project object */ = {
			isa = PBXProject;
			attributes = {
				LastSwiftUpdateCheck = 0920;
				LastUpgradeCheck = 0920;
				ORGANIZATIONNAME = "Toan Nguyen";
				TargetAttributes = {
					E8611FCB2003FB0F0043D7F7 = {
						CreatedOnToolsVersion = 9.2;
						ProvisioningStyle = Automatic;
					};
				};
			};
			buildConfigurationList = E8611FC72003FB0F0043D7F7 /* Build configuration list for PBXProject "Todoey" */;
			compatibilityVersion = "Xcode 8.0";
			developmentRegion = en;
			hasScannedForEncodings = 0;
			knownRegions = (
				en,
				Base,
			);
			mainGroup = E8611FC32003FB0F0043D7F7;
			productRefGroup = E8611FCD2003FB0F0043D7F7 /* Products */;
			projectDirPath = "";
			projectRoot = "";
			targets = (
				E8611FCB2003FB0F0043D7F7 /* Todoey */,
			);
		};
/* End PBXProject section */

/* Begin PBXResourcesBuildPhase section */
		E8611FCA2003FB0F0043D7F7 /* Resources */ = {
			isa = PBXResourcesBuildPhase;
			buildActionMask = 2147483647;
			files = (
				E8611FDA2003FB0F0043D7F7 /* LaunchScreen.storyboard in Resources */,
				E8611FD72003FB0F0043D7F7 /* Assets.xcassets in Resources */,
				E8611FD52003FB0F0043D7F7 /* Main.storyboard in Resources */,
			);
			runOnlyForDeploymentPostprocessing = 0;
		};
/* End PBXResourcesBuildPhase section */

/* Begin PBXShellScriptBuildPhase section */
		70897B7F3F91AC8C167C1F54 /* [CP] Embed Pods Frameworks */ = {
			isa = PBXShellScriptBuildPhase;
			buildActionMask = 2147483647;
			files = (
			);
			inputPaths = (
				"${SRCROOT}/Pods/Target Support Files/Pods-Todoey/Pods-Todoey-frameworks.sh",
				"${BUILT_PRODUCTS_DIR}/Realm/Realm.framework",
				"${BUILT_PRODUCTS_DIR}/RealmSwift/RealmSwift.framework",
				"${BUILT_PRODUCTS_DIR}/SwipeCellKit/SwipeCellKit.framework",
			);
			name = "[CP] Embed Pods Frameworks";
			outputPaths = (
				"${TARGET_BUILD_DIR}/${FRAMEWORKS_FOLDER_PATH}/Realm.framework",
				"${TARGET_BUILD_DIR}/${FRAMEWORKS_FOLDER_PATH}/RealmSwift.framework",
				"${TARGET_BUILD_DIR}/${FRAMEWORKS_FOLDER_PATH}/SwipeCellKit.framework",
			);
			runOnlyForDeploymentPostprocessing = 0;
			shellPath = /bin/sh;
			shellScript = "\"${SRCROOT}/Pods/Target Support Files/Pods-Todoey/Pods-Todoey-frameworks.sh\"\n";
			showEnvVarsInLog = 0;
		};
		9794A9ED893723F301115C1D /* [CP] Copy Pods Resources */ = {
			isa = PBXShellScriptBuildPhase;
			buildActionMask = 2147483647;
			files = (
			);
			inputPaths = (
			);
			name = "[CP] Copy Pods Resources";
			outputPaths = (
			);
			runOnlyForDeploymentPostprocessing = 0;
			shellPath = /bin/sh;
			shellScript = "\"${SRCROOT}/Pods/Target Support Files/Pods-Todoey/Pods-Todoey-resources.sh\"\n";
			showEnvVarsInLog = 0;
		};
		9FEEAEBA51D7FE649D22469B /* [CP] Check Pods Manifest.lock */ = {
			isa = PBXShellScriptBuildPhase;
			buildActionMask = 2147483647;
			files = (
			);
			inputPaths = (
				"${PODS_PODFILE_DIR_PATH}/Podfile.lock",
				"${PODS_ROOT}/Manifest.lock",
			);
			name = "[CP] Check Pods Manifest.lock";
			outputPaths = (
				"$(DERIVED_FILE_DIR)/Pods-Todoey-checkManifestLockResult.txt",
			);
			runOnlyForDeploymentPostprocessing = 0;
			shellPath = /bin/sh;
			shellScript = "diff \"${PODS_PODFILE_DIR_PATH}/Podfile.lock\" \"${PODS_ROOT}/Manifest.lock\" > /dev/null\nif [ $? != 0 ] ; then\n    # print error to STDERR\n    echo \"error: The sandbox is not in sync with the Podfile.lock. Run 'pod install' or update your CocoaPods installation.\" >&2\n    exit 1\nfi\n# This output is used by Xcode 'outputs' to avoid re-running this script phase.\necho \"SUCCESS\" > \"${SCRIPT_OUTPUT_FILE_0}\"\n";
			showEnvVarsInLog = 0;
		};
/* End PBXShellScriptBuildPhase section */

/* Begin PBXSourcesBuildPhase section */
		E8611FC82003FB0F0043D7F7 /* Sources */ = {
			isa = PBXSourcesBuildPhase;
			buildActionMask = 2147483647;
			files = (
				E8E21B74200E4C19003EE6B5 /* Item.swift in Sources */,
				E8611FD22003FB0F0043D7F7 /* ToDoListViewController.swift in Sources */,
				E85C3AB7200D150E00546D18 /* CategoryViewController.swift in Sources */,
				E8611FD02003FB0F0043D7F7 /* AppDelegate.swift in Sources */,
				E8E21B76200E4C27003EE6B5 /* Category.swift in Sources */,
			);
			runOnlyForDeploymentPostprocessing = 0;
		};
/* End PBXSourcesBuildPhase section */

/* Begin PBXVariantGroup section */
		E8611FD32003FB0F0043D7F7 /* Main.storyboard */ = {
			isa = PBXVariantGroup;
			children = (
				E8611FD42003FB0F0043D7F7 /* Base */,
			);
			name = Main.storyboard;
			sourceTree = "<group>";
		};
		E8611FD82003FB0F0043D7F7 /* LaunchScreen.storyboard */ = {
			isa = PBXVariantGroup;
			children = (
				E8611FD92003FB0F0043D7F7 /* Base */,
			);
			name = LaunchScreen.storyboard;
			sourceTree = "<group>";
		};
/* End PBXVariantGroup section */

/* Begin XCBuildConfiguration section */
		E8611FDC2003FB0F0043D7F7 /* Debug */ = {
			isa = XCBuildConfiguration;
			buildSettings = {
				ALWAYS_SEARCH_USER_PATHS = NO;
				CLANG_ANALYZER_NONNULL = YES;
				CLANG_ANALYZER_NUMBER_OBJECT_CONVERSION = YES_AGGRESSIVE;
				CLANG_CXX_LANGUAGE_STANDARD = "gnu++14";
				CLANG_CXX_LIBRARY = "libc++";
				CLANG_ENABLE_MODULES = YES;
				CLANG_ENABLE_OBJC_ARC = YES;
				CLANG_WARN_BLOCK_CAPTURE_AUTORELEASING = YES;
				CLANG_WARN_BOOL_CONVERSION = YES;
				CLANG_WARN_COMMA = YES;
				CLANG_WARN_CONSTANT_CONVERSION = YES;
				CLANG_WARN_DIRECT_OBJC_ISA_USAGE = YES_ERROR;
				CLANG_WARN_DOCUMENTATION_COMMENTS = YES;
				CLANG_WARN_EMPTY_BODY = YES;
				CLANG_WARN_ENUM_CONVERSION = YES;
				CLANG_WARN_INFINITE_RECURSION = YES;
				CLANG_WARN_INT_CONVERSION = YES;
				CLANG_WARN_NON_LITERAL_NULL_CONVERSION = YES;
				CLANG_WARN_OBJC_LITERAL_CONVERSION = YES;
				CLANG_WARN_OBJC_ROOT_CLASS = YES_ERROR;
				CLANG_WARN_RANGE_LOOP_ANALYSIS = YES;
				CLANG_WARN_STRICT_PROTOTYPES = YES;
				CLANG_WARN_SUSPICIOUS_MOVE = YES;
				CLANG_WARN_UNGUARDED_AVAILABILITY = YES_AGGRESSIVE;
				CLANG_WARN_UNREACHABLE_CODE = YES;
				CLANG_WARN__DUPLICATE_METHOD_MATCH = YES;
				CODE_SIGN_IDENTITY = "iPhone Developer";
				COPY_PHASE_STRIP = NO;
				DEBUG_INFORMATION_FORMAT = dwarf;
				ENABLE_STRICT_OBJC_MSGSEND = YES;
				ENABLE_TESTABILITY = YES;
				GCC_C_LANGUAGE_STANDARD = gnu11;
				GCC_DYNAMIC_NO_PIC = NO;
				GCC_NO_COMMON_BLOCKS = YES;
				GCC_OPTIMIZATION_LEVEL = 0;
				GCC_PREPROCESSOR_DEFINITIONS = (
					"DEBUG=1",
					"$(inherited)",
				);
				GCC_WARN_64_TO_32_BIT_CONVERSION = YES;
				GCC_WARN_ABOUT_RETURN_TYPE = YES_ERROR;
				GCC_WARN_UNDECLARED_SELECTOR = YES;
				GCC_WARN_UNINITIALIZED_AUTOS = YES_AGGRESSIVE;
				GCC_WARN_UNUSED_FUNCTION = YES;
				GCC_WARN_UNUSED_VARIABLE = YES;
				IPHONEOS_DEPLOYMENT_TARGET = 11.2;
				MTL_ENABLE_DEBUG_INFO = YES;
				ONLY_ACTIVE_ARCH = YES;
				SDKROOT = iphoneos;
				SWIFT_ACTIVE_COMPILATION_CONDITIONS = DEBUG;
				SWIFT_OPTIMIZATION_LEVEL = "-Onone";
			};
			name = Debug;
		};
		E8611FDD2003FB0F0043D7F7 /* Release */ = {
			isa = XCBuildConfiguration;
			buildSettings = {
				ALWAYS_SEARCH_USER_PATHS = NO;
				CLANG_ANALYZER_NONNULL = YES;
				CLANG_ANALYZER_NUMBER_OBJECT_CONVERSION = YES_AGGRESSIVE;
				CLANG_CXX_LANGUAGE_STANDARD = "gnu++14";
				CLANG_CXX_LIBRARY = "libc++";
				CLANG_ENABLE_MODULES = YES;
				CLANG_ENABLE_OBJC_ARC = YES;
				CLANG_WARN_BLOCK_CAPTURE_AUTORELEASING = YES;
				CLANG_WARN_BOOL_CONVERSION = YES;
				CLANG_WARN_COMMA = YES;
				CLANG_WARN_CONSTANT_CONVERSION = YES;
				CLANG_WARN_DIRECT_OBJC_ISA_USAGE = YES_ERROR;
				CLANG_WARN_DOCUMENTATION_COMMENTS = YES;
				CLANG_WARN_EMPTY_BODY = YES;
				CLANG_WARN_ENUM_CONVERSION = YES;
				CLANG_WARN_INFINITE_RECURSION = YES;
				CLANG_WARN_INT_CONVERSION = YES;
				CLANG_WARN_NON_LITERAL_NULL_CONVERSION = YES;
				CLANG_WARN_OBJC_LITERAL_CONVERSION = YES;
				CLANG_WARN_OBJC_ROOT_CLASS = YES_ERROR;
				CLANG_WARN_RANGE_LOOP_ANALYSIS = YES;
				CLANG_WARN_STRICT_PROTOTYPES = YES;
				CLANG_WARN_SUSPICIOUS_MOVE = YES;
				CLANG_WARN_UNGUARDED_AVAILABILITY = YES_AGGRESSIVE;
				CLANG_WARN_UNREACHABLE_CODE = YES;
				CLANG_WARN__DUPLICATE_METHOD_MATCH = YES;
				CODE_SIGN_IDENTITY = "iPhone Developer";
				COPY_PHASE_STRIP = NO;
				DEBUG_INFORMATION_FORMAT = "dwarf-with-dsym";
				ENABLE_NS_ASSERTIONS = NO;
				ENABLE_STRICT_OBJC_MSGSEND = YES;
				GCC_C_LANGUAGE_STANDARD = gnu11;
				GCC_NO_COMMON_BLOCKS = YES;
				GCC_WARN_64_TO_32_BIT_CONVERSION = YES;
				GCC_WARN_ABOUT_RETURN_TYPE = YES_ERROR;
				GCC_WARN_UNDECLARED_SELECTOR = YES;
				GCC_WARN_UNINITIALIZED_AUTOS = YES_AGGRESSIVE;
				GCC_WARN_UNUSED_FUNCTION = YES;
				GCC_WARN_UNUSED_VARIABLE = YES;
				IPHONEOS_DEPLOYMENT_TARGET = 11.2;
				MTL_ENABLE_DEBUG_INFO = NO;
				SDKROOT = iphoneos;
				SWIFT_OPTIMIZATION_LEVEL = "-Owholemodule";
				VALIDATE_PRODUCT = YES;
			};
			name = Release;
		};
		E8611FDF2003FB0F0043D7F7 /* Debug */ = {
			isa = XCBuildConfiguration;
			baseConfigurationReference = B556289B0F2F873F02435268 /* Pods-Todoey.debug.xcconfig */;
			buildSettings = {
				ASSETCATALOG_COMPILER_APPICON_NAME = AppIcon;
				CODE_SIGN_STYLE = Automatic;
				DEVELOPMENT_TEAM = P22XG7F93T;
				INFOPLIST_FILE = "Todoey/Supporting Files/Info.plist";
				LD_RUNPATH_SEARCH_PATHS = "$(inherited) @executable_path/Frameworks";
				PRODUCT_BUNDLE_IDENTIFIER = com.ductoannguyen.Todoey;
				PRODUCT_NAME = "$(TARGET_NAME)";
				SWIFT_VERSION = 4.0;
				TARGETED_DEVICE_FAMILY = "1,2";
			};
			name = Debug;
		};
		E8611FE02003FB0F0043D7F7 /* Release */ = {
			isa = XCBuildConfiguration;
			baseConfigurationReference = C332B4866C710A5FDF504B1E /* Pods-Todoey.release.xcconfig */;
			buildSettings = {
				ASSETCATALOG_COMPILER_APPICON_NAME = AppIcon;
				CODE_SIGN_STYLE = Automatic;
				DEVELOPMENT_TEAM = P22XG7F93T;
				INFOPLIST_FILE = "Todoey/Supporting Files/Info.plist";
				LD_RUNPATH_SEARCH_PATHS = "$(inherited) @executable_path/Frameworks";
				PRODUCT_BUNDLE_IDENTIFIER = com.ductoannguyen.Todoey;
				PRODUCT_NAME = "$(TARGET_NAME)";
				SWIFT_VERSION = 4.0;
				TARGETED_DEVICE_FAMILY = "1,2";
			};
			name = Release;
		};
/* End XCBuildConfiguration section */

/* Begin XCConfigurationList section */
		E8611FC72003FB0F0043D7F7 /* Build configuration list for PBXProject "Todoey" */ = {
			isa = XCConfigurationList;
			buildConfigurations = (
				E8611FDC2003FB0F0043D7F7 /* Debug */,
				E8611FDD2003FB0F0043D7F7 /* Release */,
			);
			defaultConfigurationIsVisible = 0;
			defaultConfigurationName = Release;
		};
		E8611FDE2003FB0F0043D7F7 /* Build configuration list for PBXNativeTarget "Todoey" */ = {
			isa = XCConfigurationList;
			buildConfigurations = (
				E8611FDF2003FB0F0043D7F7 /* Debug */,
				E8611FE02003FB0F0043D7F7 /* Release */,
			);
			defaultConfigurationIsVisible = 0;
			defaultConfigurationName = Release;
		};
/* End XCConfigurationList section */
	};
	rootObject = E8611FC42003FB0F0043D7F7 /* Project object */;
}
